
Microsoft Visual Studio Solution File, Format Version 12.00
# Visual Studio Version 16
VisualStudioVersion = 16.0.32126.315
MinimumVisualStudioVersion = 10.0.40219.1
Project("{8BC9CEB8-8B4A-11D0-8D11-00A0C91BC942}") = "Profiler", "src\Profiler\Profiler.vcxitems", "{6911D380-AB7A-4039-9570-54B9E8314223}"
EndProject
Project("{8BC9CEB8-8B4A-11D0-8D11-00A0C91BC942}") = "Profiler.x64", "src\Profiler.x64\Profiler.x64.vcxproj", "{3BB8E037-B0CF-421A-BF42-77EBB4E82C64}"
EndProject
Project("{8BC9CEB8-8B4A-11D0-8D11-00A0C91BC942}") = "Profiler.x86", "src\Profiler.x86\Profiler.x86.vcxproj", "{7A67E69F-D319-45CF-B94E-D9A7E24616BF}"
EndProject
Project("{9A19103F-16F7-4668-BE54-9A1E7A4F7556}") = "DebugTools", "src\DebugTools\DebugTools.csproj", "{6DAFFE6D-D925-4355-A83B-81A4F8F7EC1C}"
EndProject
Project("{9A19103F-16F7-4668-BE54-9A1E7A4F7556}") = "DebugTools.PowerShell", "src\DebugTools.PowerShell\DebugTools.PowerShell.csproj", "{9F008B7C-FF81-41B0-8EF9-EF7EFA27700C}"
	ProjectSection(ProjectDependencies) = postProject
		{101A842A-0C30-4D5C-B9E8-AFC71E97F7EF} = {101A842A-0C30-4D5C-B9E8-AFC71E97F7EF}
		{3BB8E037-B0CF-421A-BF42-77EBB4E82C64} = {3BB8E037-B0CF-421A-BF42-77EBB4E82C64}
		{FFC27A3F-A583-47C7-9460-5BAFD4CC7A08} = {FFC27A3F-A583-47C7-9460-5BAFD4CC7A08}
		{66075B5F-41DB-4F09-897E-91176C01B92F} = {66075B5F-41DB-4F09-897E-91176C01B92F}
		{7A67E69F-D319-45CF-B94E-D9A7E24616BF} = {7A67E69F-D319-45CF-B94E-D9A7E24616BF}
	EndProjectSection
EndProject
Project("{9A19103F-16F7-4668-BE54-9A1E7A4F7556}") = "Profiler.Tests", "src\Profiler.Tests\Profiler.Tests.csproj", "{65452C23-C0A6-418F-A308-2022E4A12B33}"
	ProjectSection(ProjectDependencies) = postProject
		{3BB8E037-B0CF-421A-BF42-77EBB4E82C64} = {3BB8E037-B0CF-421A-BF42-77EBB4E82C64}
		{7A67E69F-D319-45CF-B94E-D9A7E24616BF} = {7A67E69F-D319-45CF-B94E-D9A7E24616BF}
		{62886DA7-3718-4098-8F6B-B212F596ED1B} = {62886DA7-3718-4098-8F6B-B212F596ED1B}
	EndProjectSection
EndProject
Project("{9A19103F-16F7-4668-BE54-9A1E7A4F7556}") = "DebugTools.TestHost", "src\DebugTools.TestHost\DebugTools.TestHost.csproj", "{62886DA7-3718-4098-8F6B-B212F596ED1B}"
EndProject
Project("{2150E333-8FDC-42A3-9474-1A3956D46DE8}") = "Solution Items", "Solution Items", "{45095176-2916-4D96-BB77-A54531ECB76B}"
	ProjectSection(SolutionItems) = preProject
		.editorconfig = .editorconfig
		src\Directory.Build.props = src\Directory.Build.props
	EndProjectSection
EndProject
Project("{9A19103F-16F7-4668-BE54-9A1E7A4F7556}") = "DebugTools.Host.x86", "src\DebugTools.Host.x86\DebugTools.Host.x86.csproj", "{101A842A-0C30-4D5C-B9E8-AFC71E97F7EF}"
EndProject
Project("{9A19103F-16F7-4668-BE54-9A1E7A4F7556}") = "DebugTools.Host.x64", "src\DebugTools.Host.x64\DebugTools.Host.x64.csproj", "{66075B5F-41DB-4F09-897E-91176C01B92F}"
EndProject
Project("{9A19103F-16F7-4668-BE54-9A1E7A4F7556}") = "Profiler.Benchmarks", "src\Profiler.Benchmarks\Profiler.Benchmarks.csproj", "{214391B3-2E61-4792-9367-7C4F804805B2}"
EndProject
Project("{2150E333-8FDC-42A3-9474-1A3956D46DE8}") = "build", "build", "{BDCBABF3-5EAF-44F7-AF07-463C26D55CD5}"
	ProjectSection(SolutionItems) = preProject
		build\ChaosLib.props = build\ChaosLib.props
		build\ClrDebug.props = build\ClrDebug.props
		build\Version.props = build\Version.props
	EndProjectSection
EndProject
Project("{2150E333-8FDC-42A3-9474-1A3956D46DE8}") = "CI", "CI", "{84F9EA1E-8DE8-4D49-B6C9-7B36FF4F2F7C}"
	ProjectSection(SolutionItems) = preProject
		build\CI\Appveyor.psm1 = build\CI\Appveyor.psm1
		build\CI\ci.psm1 = build\CI\ci.psm1
	EndProjectSection
EndProject
Project("{2150E333-8FDC-42A3-9474-1A3956D46DE8}") = "DebugTools.Build", "DebugTools.Build", "{75581148-3C67-4E2C-8FB3-D517C2C6BA7A}"
	ProjectSection(SolutionItems) = preProject
		build\DebugTools.Build\DebugTools.Build.Format.ps1xml = build\DebugTools.Build\DebugTools.Build.Format.ps1xml
		build\DebugTools.Build\DebugTools.Build.psd1 = build\DebugTools.Build\DebugTools.Build.psd1
		build\DebugTools.Build\DebugTools.Build.psm1 = build\DebugTools.Build\DebugTools.Build.psm1
	EndProjectSection
EndProject
Project("{2150E333-8FDC-42A3-9474-1A3956D46DE8}") = "Functions", "Functions", "{385996B1-C331-4A0E-8F5E-AD597E86D0CE}"
	ProjectSection(SolutionItems) = preProject
		build\DebugTools.Build\Functions\Clear-DbgBuild.ps1 = build\DebugTools.Build\Functions\Clear-DbgBuild.ps1
		build\DebugTools.Build\Functions\Get-DbgCommand.ps1 = build\DebugTools.Build\Functions\Get-DbgCommand.ps1
		build\DebugTools.Build\Functions\Get-DbgCoverage.ps1 = build\DebugTools.Build\Functions\Get-DbgCoverage.ps1
		build\DebugTools.Build\Functions\Get-DbgHelp.ps1 = build\DebugTools.Build\Functions\Get-DbgHelp.ps1
		build\DebugTools.Build\Functions\Get-DbgLog.ps1 = build\DebugTools.Build\Functions\Get-DbgLog.ps1
		build\DebugTools.Build\Functions\Get-DbgTestResult.ps1 = build\DebugTools.Build\Functions\Get-DbgTestResult.ps1
		build\DebugTools.Build\Functions\Get-DbgVersion.ps1 = build\DebugTools.Build\Functions\Get-DbgVersion.ps1
		build\DebugTools.Build\Functions\Initialize-BuildEnvironment.ps1 = build\DebugTools.Build\Functions\Initialize-BuildEnvironment.ps1
		build\DebugTools.Build\Functions\Install-DbgDependency.ps1 = build\DebugTools.Build\Functions\Install-DbgDependency.ps1
		build\DebugTools.Build\Functions\Invoke-DbgAnalyzer.ps1 = build\DebugTools.Build\Functions\Invoke-DbgAnalyzer.ps1
		build\DebugTools.Build\Functions\Invoke-DbgBuild.ps1 = build\DebugTools.Build\Functions\Invoke-DbgBuild.ps1
		build\DebugTools.Build\Functions\Invoke-DbgTest.ps1 = build\DebugTools.Build\Functions\Invoke-DbgTest.ps1
		build\DebugTools.Build\Functions\New-DbgPackage.ps1 = build\DebugTools.Build\Functions\New-DbgPackage.ps1
		build\DebugTools.Build\Functions\Set-DbgVersion.ps1 = build\DebugTools.Build\Functions\Set-DbgVersion.ps1
		build\DebugTools.Build\Functions\Simulate-DbgCI.ps1 = build\DebugTools.Build\Functions\Simulate-DbgCI.ps1
		build\DebugTools.Build\Functions\Start-DebugTools.ps1 = build\DebugTools.Build\Functions\Start-DebugTools.ps1
		build\DebugTools.Build\Functions\Update-DbgVersion.ps1 = build\DebugTools.Build\Functions\Update-DbgVersion.ps1
	EndProjectSection
EndProject
Project("{2150E333-8FDC-42A3-9474-1A3956D46DE8}") = "Appveyor", "Appveyor", "{D159EC18-9788-4A9B-92F5-822A9F10C331}"
	ProjectSection(SolutionItems) = preProject
		build\CI\Appveyor\Clear-AppveyorBuild.ps1 = build\CI\Appveyor\Clear-AppveyorBuild.ps1
		build\CI\Appveyor\Invoke-AppveyorAfterBuild.ps1 = build\CI\Appveyor\Invoke-AppveyorAfterBuild.ps1
		build\CI\Appveyor\Invoke-AppveyorAfterTest.ps1 = build\CI\Appveyor\Invoke-AppveyorAfterTest.ps1
		build\CI\Appveyor\Invoke-AppveyorBeforeBuild.ps1 = build\CI\Appveyor\Invoke-AppveyorBeforeBuild.ps1
		build\CI\Appveyor\Invoke-AppveyorBeforeTest.ps1 = build\CI\Appveyor\Invoke-AppveyorBeforeTest.ps1
		build\CI\Appveyor\Invoke-AppveyorBuild.ps1 = build\CI\Appveyor\Invoke-AppveyorBuild.ps1
		build\CI\Appveyor\Invoke-AppveyorInstall.ps1 = build\CI\Appveyor\Invoke-AppveyorInstall.ps1
		build\CI\Appveyor\Invoke-AppveyorTest.ps1 = build\CI\Appveyor\Invoke-AppveyorTest.ps1
		build\CI\Appveyor\Measure-AppveyorCoverage.ps1 = build\CI\Appveyor\Measure-AppveyorCoverage.ps1
		build\CI\Appveyor\New-AppveyorPackage.ps1 = build\CI\Appveyor\New-AppveyorPackage.ps1
		build\CI\Appveyor\Set-AppveyorVersion.ps1 = build\CI\Appveyor\Set-AppveyorVersion.ps1
		build\CI\Appveyor\Simulate-Appveyor.ps1 = build\CI\Appveyor\Simulate-Appveyor.ps1
	EndProjectSection
EndProject
Project("{2150E333-8FDC-42A3-9474-1A3956D46DE8}") = "CI", "CI", "{FC5895ED-5B8A-4247-B656-BDAD42E0C1D4}"
	ProjectSection(SolutionItems) = preProject
		build\CI\CI\Clear-CIBuild.ps1 = build\CI\CI\Clear-CIBuild.ps1
		build\CI\CI\Get-CIDependency.ps1 = build\CI\CI\Get-CIDependency.ps1
		build\CI\CI\Get-CIVersion.ps1 = build\CI\CI\Get-CIVersion.ps1
		build\CI\CI\Install-CIDependency.ps1 = build\CI\CI\Install-CIDependency.ps1
		build\CI\CI\Invoke-CIBuild.ps1 = build\CI\CI\Invoke-CIBuild.ps1
		build\CI\CI\Invoke-CITest.ps1 = build\CI\CI\Invoke-CITest.ps1
		build\CI\CI\New-CSharpPackage.ps1 = build\CI\CI\New-CSharpPackage.ps1
		build\CI\CI\New-PowerShellPackage.ps1 = build\CI\CI\New-PowerShellPackage.ps1
	EndProjectSection
EndProject
Project("{2150E333-8FDC-42A3-9474-1A3956D46DE8}") = "Helpers", "Helpers", "{9ADABBC7-4A08-4378-BC9E-8F4BDDFF7B9C}"
	ProjectSection(SolutionItems) = preProject
		build\CI\Helpers\Get-CodeCoverage.ps1 = build\CI\Helpers\Get-CodeCoverage.ps1
		build\CI\Helpers\Get-SolutionRoot.ps1 = build\CI\Helpers\Get-SolutionRoot.ps1
		build\CI\Helpers\Import-ModuleFunctions.ps1 = build\CI\Helpers\Import-ModuleFunctions.ps1
		build\CI\Helpers\Install-Dependency.ps1 = build\CI\Helpers\Install-Dependency.ps1
		build\CI\Helpers\Invoke-Process.ps1 = build\CI\Helpers\Invoke-Process.ps1
		build\CI\Helpers\PackageManager.ps1 = build\CI\Helpers\PackageManager.ps1
		build\CI\Helpers\Write-Log.ps1 = build\CI\Helpers\Write-Log.ps1
	EndProjectSection
EndProject
Project("{2150E333-8FDC-42A3-9474-1A3956D46DE8}") = "Tests", "Tests", "{69DC8ED2-B380-4B46-BD0D-4F8619047C55}"
	ProjectSection(SolutionItems) = preProject
		build\CI\Tests\Appveyor.Tests.ps1 = build\CI\Tests\Appveyor.Tests.ps1
	EndProjectSection
EndProject
Project("{8BC9CEB8-8B4A-11D0-8D11-00A0C91BC942}") = "DebugTools.Native", "src\DebugTools.Native\DebugTools.Native.vcxitems", "{61FAAF31-681F-4246-AE70-DEF6B413A22C}"
EndProject
Project("{2150E333-8FDC-42A3-9474-1A3956D46DE8}") = "Profiler", "Profiler", "{8F74AF43-C309-4A56-9A4A-12ED1960E7B8}"
EndProject
Project("{2150E333-8FDC-42A3-9474-1A3956D46DE8}") = "Native", "Native", "{45C675F9-8530-4CB9-BBD0-BD08092C78BC}"
EndProject
Project("{2150E333-8FDC-42A3-9474-1A3956D46DE8}") = "Host", "Host", "{13C3A4C1-8E30-491D-B124-BFA8C6F11071}"
EndProject
Project("{8BC9CEB8-8B4A-11D0-8D11-00A0C91BC942}") = "DebugTools.Native.x64", "src\DebugTools.Native.x64\DebugTools.Native.x64.vcxproj", "{FFC27A3F-A583-47C7-9460-5BAFD4CC7A08}"
EndProject
Project("{8BC9CEB8-8B4A-11D0-8D11-00A0C91BC942}") = "DebugTools.Native.x86", "src\DebugTools.Native.x86\DebugTools.Native.x86.vcxproj", "{1267D984-DF0A-4D4C-98F5-3BC28A0967AC}"
EndProject
Global
	GlobalSection(SharedMSBuildProjectFiles) = preSolution
		src\DebugTools.Native\DebugTools.Native.vcxitems*{1267d984-df0a-4d4c-98f5-3bc28a0967ac}*SharedItemsImports = 4
		src\Profiler\Profiler.vcxitems*{3bb8e037-b0cf-421a-bf42-77ebb4e82c64}*SharedItemsImports = 4
		src\DebugTools.Native\DebugTools.Native.vcxitems*{61faaf31-681f-4246-ae70-def6b413a22c}*SharedItemsImports = 9
		src\Profiler\Profiler.vcxitems*{6911d380-ab7a-4039-9570-54b9e8314223}*SharedItemsImports = 9
		src\Profiler\Profiler.vcxitems*{7a67e69f-d319-45cf-b94e-d9a7e24616bf}*SharedItemsImports = 4
		src\DebugTools.Native\DebugTools.Native.vcxitems*{ffc27a3f-a583-47c7-9460-5bafd4cc7a08}*SharedItemsImports = 4
	EndGlobalSection
	GlobalSection(SolutionConfigurationPlatforms) = preSolution
		Debug|Any CPU = Debug|Any CPU
		Debug|x64 = Debug|x64
		Debug|x86 = Debug|x86
		Release|Any CPU = Release|Any CPU
		Release|x64 = Release|x64
		Release|x86 = Release|x86
	EndGlobalSection
	GlobalSection(ProjectConfigurationPlatforms) = postSolution
		{3BB8E037-B0CF-421A-BF42-77EBB4E82C64}.Debug|Any CPU.ActiveCfg = Debug|x64
		{3BB8E037-B0CF-421A-BF42-77EBB4E82C64}.Debug|Any CPU.Build.0 = Debug|x64
		{3BB8E037-B0CF-421A-BF42-77EBB4E82C64}.Debug|x64.ActiveCfg = Debug|x64
		{3BB8E037-B0CF-421A-BF42-77EBB4E82C64}.Debug|x64.Build.0 = Debug|x64
		{3BB8E037-B0CF-421A-BF42-77EBB4E82C64}.Debug|x86.ActiveCfg = Debug|x64
		{3BB8E037-B0CF-421A-BF42-77EBB4E82C64}.Release|Any CPU.ActiveCfg = Release|x64
		{3BB8E037-B0CF-421A-BF42-77EBB4E82C64}.Release|Any CPU.Build.0 = Release|x64
		{3BB8E037-B0CF-421A-BF42-77EBB4E82C64}.Release|x64.ActiveCfg = Release|x64
		{3BB8E037-B0CF-421A-BF42-77EBB4E82C64}.Release|x64.Build.0 = Release|x64
		{3BB8E037-B0CF-421A-BF42-77EBB4E82C64}.Release|x86.ActiveCfg = Release|x64
		{7A67E69F-D319-45CF-B94E-D9A7E24616BF}.Debug|Any CPU.ActiveCfg = Debug|Win32
		{7A67E69F-D319-45CF-B94E-D9A7E24616BF}.Debug|Any CPU.Build.0 = Debug|Win32
		{7A67E69F-D319-45CF-B94E-D9A7E24616BF}.Debug|x64.ActiveCfg = Debug|Win32
		{7A67E69F-D319-45CF-B94E-D9A7E24616BF}.Debug|x86.ActiveCfg = Debug|Win32
		{7A67E69F-D319-45CF-B94E-D9A7E24616BF}.Debug|x86.Build.0 = Debug|Win32
		{7A67E69F-D319-45CF-B94E-D9A7E24616BF}.Release|Any CPU.ActiveCfg = Release|Win32
		{7A67E69F-D319-45CF-B94E-D9A7E24616BF}.Release|Any CPU.Build.0 = Release|Win32
		{7A67E69F-D319-45CF-B94E-D9A7E24616BF}.Release|x64.ActiveCfg = Release|Win32
		{7A67E69F-D319-45CF-B94E-D9A7E24616BF}.Release|x86.ActiveCfg = Release|Win32
		{7A67E69F-D319-45CF-B94E-D9A7E24616BF}.Release|x86.Build.0 = Release|Win32
		{6DAFFE6D-D925-4355-A83B-81A4F8F7EC1C}.Debug|Any CPU.ActiveCfg = Debug|Any CPU
		{6DAFFE6D-D925-4355-A83B-81A4F8F7EC1C}.Debug|Any CPU.Build.0 = Debug|Any CPU
		{6DAFFE6D-D925-4355-A83B-81A4F8F7EC1C}.Debug|x64.ActiveCfg = Debug|Any CPU
		{6DAFFE6D-D925-4355-A83B-81A4F8F7EC1C}.Debug|x64.Build.0 = Debug|Any CPU
		{6DAFFE6D-D925-4355-A83B-81A4F8F7EC1C}.Debug|x86.ActiveCfg = Debug|Any CPU
		{6DAFFE6D-D925-4355-A83B-81A4F8F7EC1C}.Debug|x86.Build.0 = Debug|Any CPU
		{6DAFFE6D-D925-4355-A83B-81A4F8F7EC1C}.Release|Any CPU.ActiveCfg = Release|Any CPU
		{6DAFFE6D-D925-4355-A83B-81A4F8F7EC1C}.Release|Any CPU.Build.0 = Release|Any CPU
		{6DAFFE6D-D925-4355-A83B-81A4F8F7EC1C}.Release|x64.ActiveCfg = Release|Any CPU
		{6DAFFE6D-D925-4355-A83B-81A4F8F7EC1C}.Release|x64.Build.0 = Release|Any CPU
		{6DAFFE6D-D925-4355-A83B-81A4F8F7EC1C}.Release|x86.ActiveCfg = Release|Any CPU
		{6DAFFE6D-D925-4355-A83B-81A4F8F7EC1C}.Release|x86.Build.0 = Release|Any CPU
		{9F008B7C-FF81-41B0-8EF9-EF7EFA27700C}.Debug|Any CPU.ActiveCfg = Debug|Any CPU
		{9F008B7C-FF81-41B0-8EF9-EF7EFA27700C}.Debug|Any CPU.Build.0 = Debug|Any CPU
		{9F008B7C-FF81-41B0-8EF9-EF7EFA27700C}.Debug|x64.ActiveCfg = Debug|Any CPU
		{9F008B7C-FF81-41B0-8EF9-EF7EFA27700C}.Debug|x64.Build.0 = Debug|Any CPU
		{9F008B7C-FF81-41B0-8EF9-EF7EFA27700C}.Debug|x86.ActiveCfg = Debug|Any CPU
		{9F008B7C-FF81-41B0-8EF9-EF7EFA27700C}.Debug|x86.Build.0 = Debug|Any CPU
		{9F008B7C-FF81-41B0-8EF9-EF7EFA27700C}.Release|Any CPU.ActiveCfg = Release|Any CPU
		{9F008B7C-FF81-41B0-8EF9-EF7EFA27700C}.Release|Any CPU.Build.0 = Release|Any CPU
		{9F008B7C-FF81-41B0-8EF9-EF7EFA27700C}.Release|x64.ActiveCfg = Release|Any CPU
		{9F008B7C-FF81-41B0-8EF9-EF7EFA27700C}.Release|x64.Build.0 = Release|Any CPU
		{9F008B7C-FF81-41B0-8EF9-EF7EFA27700C}.Release|x86.ActiveCfg = Release|Any CPU
		{9F008B7C-FF81-41B0-8EF9-EF7EFA27700C}.Release|x86.Build.0 = Release|Any CPU
		{65452C23-C0A6-418F-A308-2022E4A12B33}.Debug|Any CPU.ActiveCfg = Debug|Any CPU
		{65452C23-C0A6-418F-A308-2022E4A12B33}.Debug|Any CPU.Build.0 = Debug|Any CPU
		{65452C23-C0A6-418F-A308-2022E4A12B33}.Debug|x64.ActiveCfg = Debug|Any CPU
		{65452C23-C0A6-418F-A308-2022E4A12B33}.Debug|x64.Build.0 = Debug|Any CPU
		{65452C23-C0A6-418F-A308-2022E4A12B33}.Debug|x86.ActiveCfg = Debug|Any CPU
		{65452C23-C0A6-418F-A308-2022E4A12B33}.Debug|x86.Build.0 = Debug|Any CPU
		{65452C23-C0A6-418F-A308-2022E4A12B33}.Release|Any CPU.ActiveCfg = Release|Any CPU
		{65452C23-C0A6-418F-A308-2022E4A12B33}.Release|Any CPU.Build.0 = Release|Any CPU
		{65452C23-C0A6-418F-A308-2022E4A12B33}.Release|x64.ActiveCfg = Release|Any CPU
		{65452C23-C0A6-418F-A308-2022E4A12B33}.Release|x64.Build.0 = Release|Any CPU
		{65452C23-C0A6-418F-A308-2022E4A12B33}.Release|x86.ActiveCfg = Release|Any CPU
		{65452C23-C0A6-418F-A308-2022E4A12B33}.Release|x86.Build.0 = Release|Any CPU
		{62886DA7-3718-4098-8F6B-B212F596ED1B}.Debug|Any CPU.ActiveCfg = Debug|Any CPU
		{62886DA7-3718-4098-8F6B-B212F596ED1B}.Debug|Any CPU.Build.0 = Debug|Any CPU
		{62886DA7-3718-4098-8F6B-B212F596ED1B}.Debug|x64.ActiveCfg = Debug|Any CPU
		{62886DA7-3718-4098-8F6B-B212F596ED1B}.Debug|x64.Build.0 = Debug|Any CPU
		{62886DA7-3718-4098-8F6B-B212F596ED1B}.Debug|x86.ActiveCfg = Debug|Any CPU
		{62886DA7-3718-4098-8F6B-B212F596ED1B}.Debug|x86.Build.0 = Debug|Any CPU
		{62886DA7-3718-4098-8F6B-B212F596ED1B}.Release|Any CPU.ActiveCfg = Release|Any CPU
		{62886DA7-3718-4098-8F6B-B212F596ED1B}.Release|Any CPU.Build.0 = Release|Any CPU
		{62886DA7-3718-4098-8F6B-B212F596ED1B}.Release|x64.ActiveCfg = Release|Any CPU
		{62886DA7-3718-4098-8F6B-B212F596ED1B}.Release|x64.Build.0 = Release|Any CPU
		{62886DA7-3718-4098-8F6B-B212F596ED1B}.Release|x86.ActiveCfg = Release|Any CPU
		{62886DA7-3718-4098-8F6B-B212F596ED1B}.Release|x86.Build.0 = Release|Any CPU
		{101A842A-0C30-4D5C-B9E8-AFC71E97F7EF}.Debug|Any CPU.ActiveCfg = Debug|Any CPU
		{101A842A-0C30-4D5C-B9E8-AFC71E97F7EF}.Debug|Any CPU.Build.0 = Debug|Any CPU
		{101A842A-0C30-4D5C-B9E8-AFC71E97F7EF}.Debug|x64.ActiveCfg = Debug|Any CPU
		{101A842A-0C30-4D5C-B9E8-AFC71E97F7EF}.Debug|x64.Build.0 = Debug|Any CPU
		{101A842A-0C30-4D5C-B9E8-AFC71E97F7EF}.Debug|x86.ActiveCfg = Debug|Any CPU
		{101A842A-0C30-4D5C-B9E8-AFC71E97F7EF}.Debug|x86.Build.0 = Debug|Any CPU
		{101A842A-0C30-4D5C-B9E8-AFC71E97F7EF}.Release|Any CPU.ActiveCfg = Release|Any CPU
		{101A842A-0C30-4D5C-B9E8-AFC71E97F7EF}.Release|Any CPU.Build.0 = Release|Any CPU
		{101A842A-0C30-4D5C-B9E8-AFC71E97F7EF}.Release|x64.ActiveCfg = Release|Any CPU
		{101A842A-0C30-4D5C-B9E8-AFC71E97F7EF}.Release|x64.Build.0 = Release|Any CPU
		{101A842A-0C30-4D5C-B9E8-AFC71E97F7EF}.Release|x86.ActiveCfg = Release|Any CPU
		{101A842A-0C30-4D5C-B9E8-AFC71E97F7EF}.Release|x86.Build.0 = Release|Any CPU
		{66075B5F-41DB-4F09-897E-91176C01B92F}.Debug|Any CPU.ActiveCfg = Debug|Any CPU
		{66075B5F-41DB-4F09-897E-91176C01B92F}.Debug|Any CPU.Build.0 = Debug|Any CPU
		{66075B5F-41DB-4F09-897E-91176C01B92F}.Debug|x64.ActiveCfg = Debug|Any CPU
		{66075B5F-41DB-4F09-897E-91176C01B92F}.Debug|x64.Build.0 = Debug|Any CPU
		{66075B5F-41DB-4F09-897E-91176C01B92F}.Debug|x86.ActiveCfg = Debug|Any CPU
		{66075B5F-41DB-4F09-897E-91176C01B92F}.Debug|x86.Build.0 = Debug|Any CPU
		{66075B5F-41DB-4F09-897E-91176C01B92F}.Release|Any CPU.ActiveCfg = Release|Any CPU
		{66075B5F-41DB-4F09-897E-91176C01B92F}.Release|Any CPU.Build.0 = Release|Any CPU
		{66075B5F-41DB-4F09-897E-91176C01B92F}.Release|x64.ActiveCfg = Release|Any CPU
		{66075B5F-41DB-4F09-897E-91176C01B92F}.Release|x64.Build.0 = Release|Any CPU
		{66075B5F-41DB-4F09-897E-91176C01B92F}.Release|x86.ActiveCfg = Release|Any CPU
		{66075B5F-41DB-4F09-897E-91176C01B92F}.Release|x86.Build.0 = Release|Any CPU
		{214391B3-2E61-4792-9367-7C4F804805B2}.Debug|Any CPU.ActiveCfg = Debug|Any CPU
		{214391B3-2E61-4792-9367-7C4F804805B2}.Debug|Any CPU.Build.0 = Debug|Any CPU
		{214391B3-2E61-4792-9367-7C4F804805B2}.Debug|x64.ActiveCfg = Debug|Any CPU
		{214391B3-2E61-4792-9367-7C4F804805B2}.Debug|x64.Build.0 = Debug|Any CPU
		{214391B3-2E61-4792-9367-7C4F804805B2}.Debug|x86.ActiveCfg = Debug|Any CPU
		{214391B3-2E61-4792-9367-7C4F804805B2}.Debug|x86.Build.0 = Debug|Any CPU
		{214391B3-2E61-4792-9367-7C4F804805B2}.Release|Any CPU.ActiveCfg = Release|Any CPU
		{214391B3-2E61-4792-9367-7C4F804805B2}.Release|Any CPU.Build.0 = Release|Any CPU
		{214391B3-2E61-4792-9367-7C4F804805B2}.Release|x64.ActiveCfg = Release|Any CPU
		{214391B3-2E61-4792-9367-7C4F804805B2}.Release|x64.Build.0 = Release|Any CPU
		{214391B3-2E61-4792-9367-7C4F804805B2}.Release|x86.ActiveCfg = Release|Any CPU
		{214391B3-2E61-4792-9367-7C4F804805B2}.Release|x86.Build.0 = Release|Any CPU
		{FFC27A3F-A583-47C7-9460-5BAFD4CC7A08}.Debug|Any CPU.ActiveCfg = Debug|x64
		{FFC27A3F-A583-47C7-9460-5BAFD4CC7A08}.Debug|Any CPU.Build.0 = Debug|x64
		{FFC27A3F-A583-47C7-9460-5BAFD4CC7A08}.Debug|x64.ActiveCfg = Debug|x64
		{FFC27A3F-A583-47C7-9460-5BAFD4CC7A08}.Debug|x64.Build.0 = Debug|x64
		{FFC27A3F-A583-47C7-9460-5BAFD4CC7A08}.Debug|x86.ActiveCfg = Debug|x64
		{FFC27A3F-A583-47C7-9460-5BAFD4CC7A08}.Release|Any CPU.ActiveCfg = Release|x64
		{FFC27A3F-A583-47C7-9460-5BAFD4CC7A08}.Release|Any CPU.Build.0 = Release|x64
		{FFC27A3F-A583-47C7-9460-5BAFD4CC7A08}.Release|x64.ActiveCfg = Release|x64
		{FFC27A3F-A583-47C7-9460-5BAFD4CC7A08}.Release|x64.Build.0 = Release|x64
		{FFC27A3F-A583-47C7-9460-5BAFD4CC7A08}.Release|x86.ActiveCfg = Release|Win32
		{FFC27A3F-A583-47C7-9460-5BAFD4CC7A08}.Release|x86.Build.0 = Release|Win32
		{1267D984-DF0A-4D4C-98F5-3BC28A0967AC}.Debug|Any CPU.ActiveCfg = Debug|Win32
		{1267D984-DF0A-4D4C-98F5-3BC28A0967AC}.Debug|Any CPU.Build.0 = Debug|Win32
		{1267D984-DF0A-4D4C-98F5-3BC28A0967AC}.Debug|x64.ActiveCfg = Debug|Win32
		{1267D984-DF0A-4D4C-98F5-3BC28A0967AC}.Debug|x86.ActiveCfg = Debug|Win32
		{1267D984-DF0A-4D4C-98F5-3BC28A0967AC}.Debug|x86.Build.0 = Debug|Win32
		{1267D984-DF0A-4D4C-98F5-3BC28A0967AC}.Release|Any CPU.ActiveCfg = Release|Win32
		{1267D984-DF0A-4D4C-98F5-3BC28A0967AC}.Release|Any CPU.Build.0 = Release|Win32
		{1267D984-DF0A-4D4C-98F5-3BC28A0967AC}.Release|x64.ActiveCfg = Release|x64
		{1267D984-DF0A-4D4C-98F5-3BC28A0967AC}.Release|x64.Build.0 = Release|x64
		{1267D984-DF0A-4D4C-98F5-3BC28A0967AC}.Release|x86.ActiveCfg = Release|Win32
		{1267D984-DF0A-4D4C-98F5-3BC28A0967AC}.Release|x86.Build.0 = Release|Win32
	EndGlobalSection
	GlobalSection(SolutionProperties) = preSolution
		HideSolutionNode = FALSE
	EndGlobalSection
	GlobalSection(NestedProjects) = preSolution
		{6911D380-AB7A-4039-9570-54B9E8314223} = {8F74AF43-C309-4A56-9A4A-12ED1960E7B8}
		{3BB8E037-B0CF-421A-BF42-77EBB4E82C64} = {8F74AF43-C309-4A56-9A4A-12ED1960E7B8}
		{7A67E69F-D319-45CF-B94E-D9A7E24616BF} = {8F74AF43-C309-4A56-9A4A-12ED1960E7B8}
		{62886DA7-3718-4098-8F6B-B212F596ED1B} = {13C3A4C1-8E30-491D-B124-BFA8C6F11071}
		{101A842A-0C30-4D5C-B9E8-AFC71E97F7EF} = {13C3A4C1-8E30-491D-B124-BFA8C6F11071}
		{66075B5F-41DB-4F09-897E-91176C01B92F} = {13C3A4C1-8E30-491D-B124-BFA8C6F11071}
		{84F9EA1E-8DE8-4D49-B6C9-7B36FF4F2F7C} = {BDCBABF3-5EAF-44F7-AF07-463C26D55CD5}
		{75581148-3C67-4E2C-8FB3-D517C2C6BA7A} = {BDCBABF3-5EAF-44F7-AF07-463C26D55CD5}
		{385996B1-C331-4A0E-8F5E-AD597E86D0CE} = {75581148-3C67-4E2C-8FB3-D517C2C6BA7A}
		{D159EC18-9788-4A9B-92F5-822A9F10C331} = {84F9EA1E-8DE8-4D49-B6C9-7B36FF4F2F7C}
		{FC5895ED-5B8A-4247-B656-BDAD42E0C1D4} = {84F9EA1E-8DE8-4D49-B6C9-7B36FF4F2F7C}
		{9ADABBC7-4A08-4378-BC9E-8F4BDDFF7B9C} = {84F9EA1E-8DE8-4D49-B6C9-7B36FF4F2F7C}
		{69DC8ED2-B380-4B46-BD0D-4F8619047C55} = {84F9EA1E-8DE8-4D49-B6C9-7B36FF4F2F7C}
		{61FAAF31-681F-4246-AE70-DEF6B413A22C} = {45C675F9-8530-4CB9-BBD0-BD08092C78BC}
		{FFC27A3F-A583-47C7-9460-5BAFD4CC7A08} = {45C675F9-8530-4CB9-BBD0-BD08092C78BC}
		{1267D984-DF0A-4D4C-98F5-3BC28A0967AC} = {45C675F9-8530-4CB9-BBD0-BD08092C78BC}
	EndGlobalSection
	GlobalSection(ExtensibilityGlobals) = postSolution
		SolutionGuid = {B667A379-C9BF-4B2E-8063-FE6A6B1CDA24}
	EndGlobalSection
EndGlobal
