<?xml version="1.0" encoding="utf-8"?>
<Project ToolsVersion="4.0" xmlns="http://schemas.microsoft.com/developer/msbuild/2003">
  <ItemGroup>
    <Filter Include="Header Files">
      <UniqueIdentifier>{a628deb8-5981-4e81-8ce8-5b1cb6740a50}</UniqueIdentifier>
    </Filter>
    <Filter Include="Resource Files">
      <UniqueIdentifier>{de6b23a8-2563-4033-b5a2-2375a4167341}</UniqueIdentifier>
    </Filter>
    <Filter Include="Source Files">
      <UniqueIdentifier>{ece7e11c-4023-457e-90f9-d79198c7c1e7}</UniqueIdentifier>
    </Filter>
    <Filter Include="Header Files\Hooks">
      <UniqueIdentifier>{c9a5d142-ee8e-45c4-80b0-774d9a333af6}</UniqueIdentifier>
    </Filter>
    <Filter Include="Header Files\SigBlob">
      <UniqueIdentifier>{5f5956bd-d36f-45fb-8bb2-c992ef7c806f}</UniqueIdentifier>
    </Filter>
  </ItemGroup>
  <ItemGroup>
    <ClInclude Include="$(MSBuildThisFileDirectory)pch.h">
      <Filter>Header Files</Filter>
    </ClInclude>
    <ClInclude Include="$(MSBuildThisFileDirectory)CClassFactory.h">
      <Filter>Header Files</Filter>
    </ClInclude>
    <ClInclude Include="$(MSBuildThisFileDirectory)CCorProfilerCallback.h">
      <Filter>Header Files</Filter>
    </ClInclude>
    <ClInclude Include="$(MSBuildThisFileDirectory)Hooks\EnterHook.h">
      <Filter>Header Files\Hooks</Filter>
    </ClInclude>
    <ClInclude Include="$(MSBuildThisFileDirectory)Hooks\Hooks.h">
      <Filter>Header Files\Hooks</Filter>
    </ClInclude>
    <ClInclude Include="$(MSBuildThisFileDirectory)Hooks\LeaveHook.h">
      <Filter>Header Files\Hooks</Filter>
    </ClInclude>
    <ClInclude Include="$(MSBuildThisFileDirectory)Hooks\TailcallHook.h">
      <Filter>Header Files\Hooks</Filter>
    </ClInclude>
    <ClInclude Include="$(MSBuildThisFileDirectory)Hooks\EnterHookWithInfo.h">
      <Filter>Header Files\Hooks</Filter>
    </ClInclude>
    <ClInclude Include="$(MSBuildThisFileDirectory)Hooks\LeaveHookWithInfo.h">
      <Filter>Header Files\Hooks</Filter>
    </ClInclude>
    <ClInclude Include="$(MSBuildThisFileDirectory)Hooks\TailcallHookWithInfo.h">
      <Filter>Header Files\Hooks</Filter>
    </ClInclude>
    <ClInclude Include="$(MSBuildThisFileDirectory)DebugToolsProfiler.h">
      <Filter>Header Files</Filter>
    </ClInclude>
    <ClInclude Include="$(MSBuildThisFileDirectory)CCommunication.h">
      <Filter>Header Files</Filter>
    </ClInclude>
    <ClInclude Include="$(MSBuildThisFileDirectory)CSigMethod.h">
      <Filter>Header Files\SigBlob</Filter>
    </ClInclude>
    <ClInclude Include="$(MSBuildThisFileDirectory)CSigType.h">
      <Filter>Header Files\SigBlob</Filter>
    </ClInclude>
    <ClInclude Include="$(MSBuildThisFileDirectory)CSigReader.h">
      <Filter>Header Files\SigBlob</Filter>
    </ClInclude>
    <ClInclude Include="$(MSBuildThisFileDirectory)ISigParameter.h">
      <Filter>Header Files\SigBlob</Filter>
    </ClInclude>
  </ItemGroup>
  <ItemGroup>
    <ClCompile Include="$(MSBuildThisFileDirectory)dllmain.cpp">
      <Filter>Source Files</Filter>
    </ClCompile>
    <ClCompile Include="$(MSBuildThisFileDirectory)CClassFactory.cpp">
      <Filter>Source Files</Filter>
    </ClCompile>
    <ClCompile Include="$(MSBuildThisFileDirectory)CCorProfilerCallback.cpp">
      <Filter>Source Files</Filter>
    </ClCompile>
    <ClCompile Include="$(MSBuildThisFileDirectory)CCommunication.cpp">
      <Filter>Source Files</Filter>
    </ClCompile>
    <ClCompile Include="$(MSBuildThisFileDirectory)CSigType.cpp">
      <Filter>Source Files</Filter>
    </ClCompile>
    <ClCompile Include="$(MSBuildThisFileDirectory)CSigReader.cpp">
      <Filter>Source Files</Filter>
    </ClCompile>
  </ItemGroup>
  <ItemGroup>
    <None Include="$(MSBuildThisFileDirectory)Profiler.def">
      <Filter>Resource Files</Filter>
    </None>
    <None Include="$(MSBuildThisFileDirectory)DebugToolsProfiler.man">
      <Filter>Resource Files</Filter>
    </None>
    <None Include="$(MSBuildThisFileDirectory)generateManifest.cmd">
      <Filter>Resource Files</Filter>
    </None>
  </ItemGroup>
  <ItemGroup>
    <Natvis Include="$(MSBuildThisFileDirectory)Profiler.natvis">
      <Filter>Resource Files</Filter>
    </Natvis>
  </ItemGroup>
</Project>